{
  "name": "@riot-material/rm-list",
  "version": "1.0.0",
  "lockfileVersion": 1,
  "requires": true,
  "dependencies": {
    "@material/animation": {
      "version": "8.0.0",
      "resolved": "https://registry.npmjs.org/@material/animation/-/animation-8.0.0.tgz",
      "integrity": "sha512-4+rCFDcfJap62a/8luuq1fmMA+EdVMASD4CBd9cN4LNOc/OPzBkLqv0PHFTnmHu9Y9biHD94uyDsbEcvtyGr+Q==",
      "dev": true,
      "requires": {
        "tslib": "^1.9.3"
      },
      "dependencies": {
        "tslib": {
          "version": "1.14.1",
          "resolved": "https://registry.npmjs.org/tslib/-/tslib-1.14.1.tgz",
          "integrity": "sha512-Xni35NKzjgMrwevysHTCArtLDpPvye8zV/0E4EyYn43P7/7qvQwPh9BGkHewbMulVntbigmcT7rdX3BNo9wRJg==",
          "dev": true
        }
      }
    },
    "@material/base": {
      "version": "8.0.0",
      "resolved": "https://registry.npmjs.org/@material/base/-/base-8.0.0.tgz",
      "integrity": "sha512-lLB3lv/A7TqqfqeVnoguv0NV+wpzM0KAVXj0jrtg2BtbxlOYjkfl4uySyOCLGxB0y4vTv1rSXB5i7Xn73+OQHg==",
      "dev": true,
      "requires": {
        "tslib": "^1.9.3"
      },
      "dependencies": {
        "tslib": {
          "version": "1.14.1",
          "resolved": "https://registry.npmjs.org/tslib/-/tslib-1.14.1.tgz",
          "integrity": "sha512-Xni35NKzjgMrwevysHTCArtLDpPvye8zV/0E4EyYn43P7/7qvQwPh9BGkHewbMulVntbigmcT7rdX3BNo9wRJg==",
          "dev": true
        }
      }
    },
    "@material/elevation": {
      "version": "8.0.0",
      "resolved": "https://registry.npmjs.org/@material/elevation/-/elevation-8.0.0.tgz",
      "integrity": "sha512-DF/bdPv20jnKw35rIGbJmVTaNKA710hzdmI8G4TWrW/asMkxynEjJKQriyXkesLY+c1GP7qJDEhpV+xkQUrJLg==",
      "dev": true,
      "requires": {
        "@material/animation": "^8.0.0",
        "@material/base": "^8.0.0",
        "@material/feature-targeting": "^8.0.0",
        "@material/theme": "^8.0.0"
      }
    },
    "@material/feature-targeting": {
      "version": "8.0.0",
      "resolved": "https://registry.npmjs.org/@material/feature-targeting/-/feature-targeting-8.0.0.tgz",
      "integrity": "sha512-xMJ9RmnOQCLPB6bD0xS0p6NF36vKNkjoPQt8aOoimtBlhSOba68+5jeX/qEQYZgOG4jf0SnWq833gAxx61Ni6g==",
      "dev": true
    },
    "@material/theme": {
      "version": "8.0.0",
      "resolved": "https://registry.npmjs.org/@material/theme/-/theme-8.0.0.tgz",
      "integrity": "sha512-YcU4oi1pd9K8KfPfhZHD7GGnn034SoaVld5534eEnTMgpUn2y7KHZJlPCjrdh1tIy+PBvnYAkxBtx+mKWRCKFQ==",
      "dev": true,
      "requires": {
        "@material/feature-targeting": "^8.0.0"
      }
    },
    "@riot-material/before-focus-listener": {
      "version": "1.0.2",
      "resolved": "https://registry.npmjs.org/@riot-material/before-focus-listener/-/before-focus-listener-1.0.2.tgz",
      "integrity": "sha512-7exW2QVKTw64Cj7l1x65/cq+/ACBY0sZ3xDqfONqTnxguAIXr7rkAgILwZOfbTyJHTh9mBz1Nszt8IvI+ML2ow==",
      "dev": true
    },
    "@riot-material/elevation": {
      "version": "1.0.1",
      "resolved": "https://registry.npmjs.org/@riot-material/elevation/-/elevation-1.0.1.tgz",
      "integrity": "sha512-PjWyR4STqDtplMnU+kU1SjUH2eNu31rHAnUBgZFzPCAIdcXIe/rMGdNP1gWiWtjxukvhwro54kX26eOfXD4eNg==",
      "dev": true,
      "requires": {
        "@material/elevation": "^8.0.0"
      }
    },
    "@riot-material/ripple": {
      "version": "1.0.5",
      "resolved": "https://registry.npmjs.org/@riot-material/ripple/-/ripple-1.0.5.tgz",
      "integrity": "sha512-WH3cPZ84vJHyFsEhyNcUIpt9/I0upb/Hcph/Pc0JMGPamcWxaXYblojMX+/ChnqdrY0ovH1q67nubcWL7XA3vA==",
      "requires": {
        "what-input": "^5.2.10"
      }
    },
    "@riot-material/rm-button": {
      "version": "1.0.4",
      "resolved": "https://registry.npmjs.org/@riot-material/rm-button/-/rm-button-1.0.4.tgz",
      "integrity": "sha512-HamVUYjg1Ob78uxH3KDW3cTPdQWbyoc1d6eOPWIvevlcw9kAW+cwOHa7xMk1rLbi7pYB3c7x8L7ty5CN67JJ4w==",
      "dev": true,
      "requires": {
        "@riot-material/before-focus-listener": "^1.0.2",
        "@riot-material/ripple": "^1.0.2",
        "@riot-material/rm-icon": "^1.0.1"
      }
    },
    "@riot-material/rm-floating-surface": {
      "version": "1.0.0",
      "resolved": "https://registry.npmjs.org/@riot-material/rm-floating-surface/-/rm-floating-surface-1.0.0.tgz",
      "integrity": "sha512-Yy3n0kh1V/q0yxWh9ZPRZ3fh1oXHtTCAVx7Zouwh334quFYlf3Yt+V3Lhd/WB8bVfxeFleOUCEC4TVEBQuOjmw==",
      "dev": true,
      "requires": {
        "@riot-material/elevation": "^1.0.1",
        "@riot-material/surfaces": "^1.0.0"
      }
    },
    "@riot-material/rm-icon": {
      "version": "1.0.3",
      "resolved": "https://registry.npmjs.org/@riot-material/rm-icon/-/rm-icon-1.0.3.tgz",
      "integrity": "sha512-OUN/XPllhsCWM6s6b/6s9Axq43zvnUxp6KekzaVW81HY9JY/OtM/R/2zkChAoRuspEpeI/eOB/fJFoIOD95llg==",
      "dev": true
    },
    "@riot-material/rm-list-item": {
      "version": "1.1.0",
      "resolved": "https://registry.npmjs.org/@riot-material/rm-list-item/-/rm-list-item-1.1.0.tgz",
      "integrity": "sha512-cPyQEv3BhOJ9pSjdwDPCiQ4wBzN4NNlxtJXnUQydIpER9vOTxWGfgFigl/VW3YZeXC8hcqhFtYOoONjIo5R1Rg==",
      "dev": true,
      "requires": {
        "@riot-material/ripple": "^1.0.5"
      }
    },
    "@riot-material/rm-textfield": {
      "version": "1.0.4",
      "resolved": "https://registry.npmjs.org/@riot-material/rm-textfield/-/rm-textfield-1.0.4.tgz",
      "integrity": "sha512-whvRCFsqrtAPFf4jpM2TXK/YCINV7U5duj/pQ04RdELrVc3WQgD/a7Y9EFKIWTOc5lj7i/Bk2zA68xK+3DOKNw==",
      "dev": true,
      "requires": {
        "@riot-material/rm-textfield-container": "^1.0.3"
      }
    },
    "@riot-material/rm-textfield-container": {
      "version": "1.0.3",
      "resolved": "https://registry.npmjs.org/@riot-material/rm-textfield-container/-/rm-textfield-container-1.0.3.tgz",
      "integrity": "sha512-Xh6XJeMX8o0EGa7VXoAzSTDk/DcjbnE0MIUBbycnw0v/qRPWtI/RpbkNPx6nIFNO/w1kTuruvtQDsEzUvvD89A==",
      "dev": true
    },
    "@riot-material/surfaces": {
      "version": "1.0.0",
      "resolved": "https://registry.npmjs.org/@riot-material/surfaces/-/surfaces-1.0.0.tgz",
      "integrity": "sha512-bSLACgP2oBf7Jn57TNY/6jnHmAX0CiJwGhsUAClhsH9EC0eJpn2MCwxDXbhw2ziZv9P8xD2atuKEH0obbMM6Kw==",
      "dev": true
    },
    "@riotjs/compiler": {
      "version": "5.1.3",
      "resolved": "https://registry.npmjs.org/@riotjs/compiler/-/compiler-5.1.3.tgz",
      "integrity": "sha512-YPOgwqpzs7LeA9JZV2qK2qW6o1iQ+6XEpqTopIC2V21hMwA4/9onGFOIzHf0MF0SX0NLzaou1zD6wY5w+G/+ug==",
      "dev": true,
      "requires": {
        "@riotjs/parser": "^4.3.1",
        "@riotjs/util": "2.0.0",
        "acorn": "^8.0.4",
        "cssesc": "^3.0.0",
        "cumpa": "^1.0.1",
        "curri": "^1.0.1",
        "dom-nodes": "^1.1.3",
        "globals": "^13.3.0",
        "recast": "^0.20.4",
        "source-map": "^0.7.3"
      }
    },
    "@riotjs/dom-bindings": {
      "version": "5.0.0",
      "resolved": "https://registry.npmjs.org/@riotjs/dom-bindings/-/dom-bindings-5.0.0.tgz",
      "integrity": "sha512-hcpP36rCaIL0y1Y+BOSDjQ3F61UKrm90qrWAv2xMT46SuLJHlufJKx7rr75BxtQqD/spT3juIwgVQ65bV8NyDw==",
      "dev": true,
      "requires": {
        "@riotjs/util": "^2.0.0"
      }
    },
    "@riotjs/parser": {
      "version": "4.3.1",
      "resolved": "https://registry.npmjs.org/@riotjs/parser/-/parser-4.3.1.tgz",
      "integrity": "sha512-ZUeAcey3ShAtquHBwuHFLrtPL1j0iEeXoOQoaZMaqVp15vq5UqOBxBcOVNfCXbr9ZbhnVCEEmek/9YFt5Ni8bA==",
      "dev": true,
      "requires": {
        "curri": "^1.0.1",
        "dom-nodes": "^1.1.3"
      }
    },
    "@riotjs/util": {
      "version": "2.0.0",
      "resolved": "https://registry.npmjs.org/@riotjs/util/-/util-2.0.0.tgz",
      "integrity": "sha512-+FtbujwoRT/Gi2/tarL0I30GIBCFFLUGtuhEJbosT09cUcP839oML871Yc7w5Zxb/IHFV1GS0p1ZGWe3JeeEjw==",
      "dev": true
    },
    "@rollup/plugin-commonjs": {
      "version": "17.0.0",
      "resolved": "https://registry.npmjs.org/@rollup/plugin-commonjs/-/plugin-commonjs-17.0.0.tgz",
      "integrity": "sha512-/omBIJG1nHQc+bgkYDuLpb/V08QyutP9amOrJRUSlYJZP+b/68gM//D8sxJe3Yry2QnYIr3QjR3x4AlxJEN3GA==",
      "dev": true,
      "requires": {
        "@rollup/pluginutils": "^3.1.0",
        "commondir": "^1.0.1",
        "estree-walker": "^2.0.1",
        "glob": "^7.1.6",
        "is-reference": "^1.2.1",
        "magic-string": "^0.25.7",
        "resolve": "^1.17.0"
      }
    },
    "@rollup/plugin-node-resolve": {
      "version": "11.0.0",
      "resolved": "https://registry.npmjs.org/@rollup/plugin-node-resolve/-/plugin-node-resolve-11.0.0.tgz",
      "integrity": "sha512-8Hrmwjn1pLYjUxcv7U7IPP0qfnzEJWHyHE6CaZ8jbLM+8axaarJRB1jB6JgKTDp5gNga+TpsgX6F8iuvgOerKQ==",
      "dev": true,
      "requires": {
        "@rollup/pluginutils": "^3.1.0",
        "@types/resolve": "1.17.1",
        "builtin-modules": "^3.1.0",
        "deepmerge": "^4.2.2",
        "is-module": "^1.0.0",
        "resolve": "^1.19.0"
      }
    },
    "@rollup/pluginutils": {
      "version": "3.1.0",
      "resolved": "https://registry.npmjs.org/@rollup/pluginutils/-/pluginutils-3.1.0.tgz",
      "integrity": "sha512-GksZ6pr6TpIjHm8h9lSQ8pi8BE9VeubNT0OMJ3B5uZJ8pz73NPiqOtCog/x2/QzM1ENChPKxMDhiQuRHsqc+lg==",
      "dev": true,
      "requires": {
        "@types/estree": "0.0.39",
        "estree-walker": "^1.0.1",
        "picomatch": "^2.2.2"
      },
      "dependencies": {
        "estree-walker": {
          "version": "1.0.1",
          "resolved": "https://registry.npmjs.org/estree-walker/-/estree-walker-1.0.1.tgz",
          "integrity": "sha512-1fMXF3YP4pZZVozF8j/ZLfvnR8NSIljt56UhbZ5PeeDmmGHpgpdwQt7ITlGvYaQukCvuBRMLEiKiYC+oeIg4cg==",
          "dev": true
        }
      }
    },
    "@types/estree": {
      "version": "0.0.39",
      "resolved": "https://registry.npmjs.org/@types/estree/-/estree-0.0.39.tgz",
      "integrity": "sha512-EYNwp3bU+98cpU4lAWYYL7Zz+2gryWH1qbdDTidVd6hkiR6weksdbMadyXKXNPEkQFhXM+hVO9ZygomHXp+AIw==",
      "dev": true
    },
    "@types/node": {
      "version": "14.14.12",
      "resolved": "https://registry.npmjs.org/@types/node/-/node-14.14.12.tgz",
      "integrity": "sha512-ASH8OPHMNlkdjrEdmoILmzFfsJICvhBsFfAum4aKZ/9U4B6M6tTmTPh+f3ttWdD74CEGV5XvXWkbyfSdXaTd7g==",
      "dev": true
    },
    "@types/resolve": {
      "version": "1.17.1",
      "resolved": "https://registry.npmjs.org/@types/resolve/-/resolve-1.17.1.tgz",
      "integrity": "sha512-yy7HuzQhj0dhGpD8RLXSZWEkLsV9ibvxvi6EiJ3bkqLAO1RGo0WbkWQiwpRlSFymTJRz0d3k5LM3kkx8ArDbLw==",
      "dev": true,
      "requires": {
        "@types/node": "*"
      }
    },
    "acorn": {
      "version": "8.0.4",
      "resolved": "https://registry.npmjs.org/acorn/-/acorn-8.0.4.tgz",
      "integrity": "sha512-XNP0PqF1XD19ZlLKvB7cMmnZswW4C/03pRHgirB30uSJTaS3A3V1/P4sS3HPvFmjoriPCJQs+JDSbm4bL1TxGQ==",
      "dev": true
    },
    "ast-types": {
      "version": "0.14.2",
      "resolved": "https://registry.npmjs.org/ast-types/-/ast-types-0.14.2.tgz",
      "integrity": "sha512-O0yuUDnZeQDL+ncNGlJ78BiO4jnYI3bvMsD5prT0/nsgijG/LpNBIr63gTjVTNsiGkgQhiyCShTgxt8oXOrklA==",
      "dev": true,
      "requires": {
        "tslib": "^2.0.1"
      }
    },
    "balanced-match": {
      "version": "1.0.0",
      "resolved": "https://registry.npmjs.org/balanced-match/-/balanced-match-1.0.0.tgz",
      "integrity": "sha1-ibTRmasr7kneFk6gK4nORi1xt2c=",
      "dev": true
    },
    "bianco.attr": {
      "version": "1.0.0",
      "resolved": "https://registry.npmjs.org/bianco.attr/-/bianco.attr-1.0.0.tgz",
      "integrity": "sha512-ry700auBXrfRcn18wgOlDeCIAOy1HKnUrM96hc2xbzt4FQL+pfXTUGrt++gg9/rpp7JD4JUXi0X1OB7um+jm2w==",
      "dev": true,
      "requires": {
        "bianco.dom-to-array": "^0.0.10"
      }
    },
    "bianco.dom-to-array": {
      "version": "0.0.10",
      "resolved": "https://registry.npmjs.org/bianco.dom-to-array/-/bianco.dom-to-array-0.0.10.tgz",
      "integrity": "sha512-EFYkcEGPmIqatvh+6I2eF6/X4mDtEyGoBucqmudJ5qABbFOw3RPIWB913aLD1FTaux8pZtYzD/yvcwGJKSNgXg==",
      "dev": true
    },
    "bianco.query": {
      "version": "1.0.0",
      "resolved": "https://registry.npmjs.org/bianco.query/-/bianco.query-1.0.0.tgz",
      "integrity": "sha512-pDstv5+tsuw//wNuPnXuf4DjyN116tcH/a7hxbqH1OpWMsBgBkp/O29uxlWEZWN5e6hCaGajLNA9CAGTsgYeWw==",
      "dev": true,
      "requires": {
        "bianco.dom-to-array": "^0.0.10"
      }
    },
    "brace-expansion": {
      "version": "1.1.11",
      "resolved": "https://registry.npmjs.org/brace-expansion/-/brace-expansion-1.1.11.tgz",
      "integrity": "sha512-iCuPHDFgrHX7H2vEI/5xpz07zSHB00TpugqhmYtVmMO6518mCuRMoOYFldEBl0g187ufozdaHgWKcYFb61qGiA==",
      "dev": true,
      "requires": {
        "balanced-match": "^1.0.0",
        "concat-map": "0.0.1"
      }
    },
    "builtin-modules": {
      "version": "3.1.0",
      "resolved": "https://registry.npmjs.org/builtin-modules/-/builtin-modules-3.1.0.tgz",
      "integrity": "sha512-k0KL0aWZuBt2lrxrcASWDfwOLMnodeQjodT/1SxEQAXsHANgo6ZC/VEaSEHCXt7aSTZ4/4H5LKa+tBXmW7Vtvw==",
      "dev": true
    },
    "commondir": {
      "version": "1.0.1",
      "resolved": "https://registry.npmjs.org/commondir/-/commondir-1.0.1.tgz",
      "integrity": "sha1-3dgA2gxmEnOTzKWVDqloo6rxJTs=",
      "dev": true
    },
    "concat-map": {
      "version": "0.0.1",
      "resolved": "https://registry.npmjs.org/concat-map/-/concat-map-0.0.1.tgz",
      "integrity": "sha1-2Klr13/Wjfd5OnMDajug1UBdR3s=",
      "dev": true
    },
    "cssesc": {
      "version": "3.0.0",
      "resolved": "https://registry.npmjs.org/cssesc/-/cssesc-3.0.0.tgz",
      "integrity": "sha512-/Tb/JcjK111nNScGob5MNtsntNM1aCNUDipB/TkwZFhyDrrE47SOx/18wF2bbjgc3ZzCSKW1T5nt5EbFoAz/Vg==",
      "dev": true
    },
    "cumpa": {
      "version": "1.0.1",
      "resolved": "https://registry.npmjs.org/cumpa/-/cumpa-1.0.1.tgz",
      "integrity": "sha512-Ew3sfG4cqvDFINS1VgdvLX1FIruhySlnP6DRLhB+1EjewiOzhJzKRKPEp/TCuo0RDisSFeuaDrk0S4Q8grF9CA==",
      "dev": true
    },
    "curri": {
      "version": "1.0.1",
      "resolved": "https://registry.npmjs.org/curri/-/curri-1.0.1.tgz",
      "integrity": "sha512-VwFb2MGqN0A1RPA0vSgDRSWc0c+V6N9yz8pVYJ9AXILAukRAyCZP5Sqp4VdOxgw1lT0t5oaplwIDT/ruF3Nz7Q==",
      "dev": true
    },
    "deepmerge": {
      "version": "4.2.2",
      "resolved": "https://registry.npmjs.org/deepmerge/-/deepmerge-4.2.2.tgz",
      "integrity": "sha512-FJ3UgI4gIl+PHZm53knsuSFpE+nESMr7M4v9QcgB7S63Kj/6WqMiFQJpBBYz1Pt+66bZpP3Q7Lye0Oo9MPKEdg==",
      "dev": true
    },
    "dom-nodes": {
      "version": "1.1.3",
      "resolved": "https://registry.npmjs.org/dom-nodes/-/dom-nodes-1.1.3.tgz",
      "integrity": "sha512-y5wnIx97oe0IqMllL/lizgkK2c9vu1cQeqPCCsS7mwNdPuYxg3b04eDJynHhC63kM8+ZsteOmiPElfVGOUmmKg==",
      "dev": true
    },
    "esprima": {
      "version": "4.0.1",
      "resolved": "https://registry.npmjs.org/esprima/-/esprima-4.0.1.tgz",
      "integrity": "sha512-eGuFFw7Upda+g4p+QHvnW0RyTX/SVeJBDM/gCtMARO0cLuT2HcEKnTPvhjV6aGeqrCB/sbNop0Kszm0jsaWU4A==",
      "dev": true
    },
    "estree-walker": {
      "version": "2.0.2",
      "resolved": "https://registry.npmjs.org/estree-walker/-/estree-walker-2.0.2.tgz",
      "integrity": "sha512-Rfkk/Mp/DL7JVje3u18FxFujQlTNR2q6QfMSMB7AvCBx91NGj/ba3kCfza0f6dVDbw7YlRf/nDrn7pQrCCyQ/w==",
      "dev": true
    },
    "fs.realpath": {
      "version": "1.0.0",
      "resolved": "https://registry.npmjs.org/fs.realpath/-/fs.realpath-1.0.0.tgz",
      "integrity": "sha1-FQStJSMVjKpA20onh8sBQRmU6k8=",
      "dev": true
    },
    "fsevents": {
      "version": "2.1.3",
      "resolved": "https://registry.npmjs.org/fsevents/-/fsevents-2.1.3.tgz",
      "integrity": "sha512-Auw9a4AxqWpa9GUfj370BMPzzyncfBABW8Mab7BGWBYDj4Isgq+cDKtx0i6u9jcX9pQDnswsaaOTgTmA5pEjuQ==",
      "dev": true,
      "optional": true
    },
    "function-bind": {
      "version": "1.1.1",
      "resolved": "https://registry.npmjs.org/function-bind/-/function-bind-1.1.1.tgz",
      "integrity": "sha512-yIovAzMX49sF8Yl58fSCWJ5svSLuaibPxXQJFLmBObTuCr0Mf1KiPopGM9NiFjiYBCbfaa2Fh6breQ6ANVTI0A==",
      "dev": true
    },
    "glob": {
      "version": "7.1.6",
      "resolved": "https://registry.npmjs.org/glob/-/glob-7.1.6.tgz",
      "integrity": "sha512-LwaxwyZ72Lk7vZINtNNrywX0ZuLyStrdDtabefZKAY5ZGJhVtgdznluResxNmPitE0SAO+O26sWTHeKSI2wMBA==",
      "dev": true,
      "requires": {
        "fs.realpath": "^1.0.0",
        "inflight": "^1.0.4",
        "inherits": "2",
        "minimatch": "^3.0.4",
        "once": "^1.3.0",
        "path-is-absolute": "^1.0.0"
      }
    },
    "globals": {
      "version": "13.4.0",
      "resolved": "https://registry.npmjs.org/globals/-/globals-13.4.0.tgz",
      "integrity": "sha512-xgOaIvY1x5K+hlRg5PfmLGt9I6d3cOczsxroFNSouMsrAYnuvHnVFM3+TfmfJDOAbu3H78ihREACEAmSCHWL3g==",
      "dev": true,
      "requires": {
        "type-fest": "^0.8.1"
      }
    },
    "has": {
      "version": "1.0.3",
      "resolved": "https://registry.npmjs.org/has/-/has-1.0.3.tgz",
      "integrity": "sha512-f2dvO0VU6Oej7RkWJGrehjbzMAjFp5/VKPp5tTpWIV4JHHZK1/BxbFRtf/siA2SWTe09caDmVtYYzWEIbBS4zw==",
      "dev": true,
      "requires": {
        "function-bind": "^1.1.1"
      }
    },
    "inflight": {
      "version": "1.0.6",
      "resolved": "https://registry.npmjs.org/inflight/-/inflight-1.0.6.tgz",
      "integrity": "sha1-Sb1jMdfQLQwJvJEKEHW6gWW1bfk=",
      "dev": true,
      "requires": {
        "once": "^1.3.0",
        "wrappy": "1"
      }
    },
    "inherits": {
      "version": "2.0.4",
      "resolved": "https://registry.npmjs.org/inherits/-/inherits-2.0.4.tgz",
      "integrity": "sha512-k/vGaX4/Yla3WzyMCvTQOXYeIHvqOKtnqBduzTHpzpQZzAskKMhZ2K+EnBiSM9zGSoIFeMpXKxa4dYeZIQqewQ==",
      "dev": true
    },
    "is-core-module": {
      "version": "2.2.0",
      "resolved": "https://registry.npmjs.org/is-core-module/-/is-core-module-2.2.0.tgz",
      "integrity": "sha512-XRAfAdyyY5F5cOXn7hYQDqh2Xmii+DEfIcQGxK/uNwMHhIkPWO0g8msXcbzLe+MpGoR951MlqM/2iIlU4vKDdQ==",
      "dev": true,
      "requires": {
        "has": "^1.0.3"
      }
    },
    "is-module": {
      "version": "1.0.0",
      "resolved": "https://registry.npmjs.org/is-module/-/is-module-1.0.0.tgz",
      "integrity": "sha1-Mlj7afeMFNW4FdZkM2tM/7ZEFZE=",
      "dev": true
    },
    "is-reference": {
      "version": "1.2.1",
      "resolved": "https://registry.npmjs.org/is-reference/-/is-reference-1.2.1.tgz",
      "integrity": "sha512-U82MsXXiFIrjCK4otLT+o2NA2Cd2g5MLoOVXUZjIOhLurrRxpEXzI8O0KZHr3IjLvlAH1kTPYSuqer5T9ZVBKQ==",
      "dev": true,
      "requires": {
        "@types/estree": "*"
      }
    },
    "magic-string": {
      "version": "0.25.7",
      "resolved": "https://registry.npmjs.org/magic-string/-/magic-string-0.25.7.tgz",
      "integrity": "sha512-4CrMT5DOHTDk4HYDlzmwu4FVCcIYI8gauveasrdCu2IKIFOJ3f0v/8MDGJCDL9oD2ppz/Av1b0Nj345H9M+XIA==",
      "dev": true,
      "requires": {
        "sourcemap-codec": "^1.4.4"
      }
    },
    "minimatch": {
      "version": "3.0.4",
      "resolved": "https://registry.npmjs.org/minimatch/-/minimatch-3.0.4.tgz",
      "integrity": "sha512-yJHVQEhyqPLUTgt9B83PXu6W3rx4MvvHvSUvToogpwoGDOUQ+yDrR0HRot+yOCdCO7u4hX3pWft6kWBBcqh0UA==",
      "dev": true,
      "requires": {
        "brace-expansion": "^1.1.7"
      }
    },
    "once": {
      "version": "1.4.0",
      "resolved": "https://registry.npmjs.org/once/-/once-1.4.0.tgz",
      "integrity": "sha1-WDsap3WWHUsROsF9nFC6753Xa9E=",
      "dev": true,
      "requires": {
        "wrappy": "1"
      }
    },
    "path-is-absolute": {
      "version": "1.0.1",
      "resolved": "https://registry.npmjs.org/path-is-absolute/-/path-is-absolute-1.0.1.tgz",
      "integrity": "sha1-F0uSaHNVNP+8es5r9TpanhtcX18=",
      "dev": true
    },
    "path-parse": {
      "version": "1.0.6",
      "resolved": "https://registry.npmjs.org/path-parse/-/path-parse-1.0.6.tgz",
      "integrity": "sha512-GSmOT2EbHrINBf9SR7CDELwlJ8AENk3Qn7OikK4nFYAu3Ote2+JYNVvkpAEQm3/TLNEJFD/xZJjzyxg3KBWOzw==",
      "dev": true
    },
    "picomatch": {
      "version": "2.2.2",
      "resolved": "https://registry.npmjs.org/picomatch/-/picomatch-2.2.2.tgz",
      "integrity": "sha512-q0M/9eZHzmr0AulXyPwNfZjtwZ/RBZlbN3K3CErVrk50T2ASYI7Bye0EvekFY3IP1Nt2DHu0re+V2ZHIpMkuWg==",
      "dev": true
    },
    "recast": {
      "version": "0.20.4",
      "resolved": "https://registry.npmjs.org/recast/-/recast-0.20.4.tgz",
      "integrity": "sha512-6qLIBGGRcwjrTZGIiBpJVC/NeuXpogXNyRQpqU1zWPUigCphvApoCs9KIwDYh1eDuJ6dAFlQoi/QUyE5KQ6RBQ==",
      "dev": true,
      "requires": {
        "ast-types": "0.14.2",
        "esprima": "~4.0.0",
        "source-map": "~0.6.1",
        "tslib": "^2.0.1"
      },
      "dependencies": {
        "source-map": {
          "version": "0.6.1",
          "resolved": "https://registry.npmjs.org/source-map/-/source-map-0.6.1.tgz",
          "integrity": "sha512-UjgapumWlbMhkBgzT7Ykc5YXUT46F0iKu8SGXq0bcwP5dz/h0Plj6enJqjz1Zbq2l5WaqYnrVbwWOWMyF3F47g==",
          "dev": true
        }
      }
    },
    "resolve": {
      "version": "1.19.0",
      "resolved": "https://registry.npmjs.org/resolve/-/resolve-1.19.0.tgz",
      "integrity": "sha512-rArEXAgsBG4UgRGcynxWIWKFvh/XZCcS8UJdHhwy91zwAvCZIbcs+vAbflgBnNjYMs/i/i+/Ux6IZhML1yPvxg==",
      "dev": true,
      "requires": {
        "is-core-module": "^2.1.0",
        "path-parse": "^1.0.6"
      }
    },
    "riot": {
      "version": "5.1.1",
      "resolved": "https://registry.npmjs.org/riot/-/riot-5.1.1.tgz",
      "integrity": "sha512-R9XkjulGNU0wyLb99l8DFZt8gxpE8kkDL4mNhO1BSV8cM6vbcBiY2pLq3gKmVvsD7d07PeeZCjOYxGKF2+rISA==",
      "dev": true,
      "requires": {
        "@riotjs/compiler": "^5.1.3",
        "@riotjs/dom-bindings": "5.0.0",
        "@riotjs/util": "^2.0.0",
        "bianco.attr": "^1.0.0",
        "bianco.query": "^1.0.0",
        "cumpa": "^1.0.1",
        "curri": "^1.0.1"
      }
    },
    "rollup": {
      "version": "2.34.2",
      "resolved": "https://registry.npmjs.org/rollup/-/rollup-2.34.2.tgz",
      "integrity": "sha512-mvtQLqu3cNeoctS+kZ09iOPxrc1P1/Bt1z15enuQ5feyKOdM3MJAVFjjsygurDpSWn530xB4AlA83TWIzRstXA==",
      "dev": true,
      "requires": {
        "fsevents": "~2.1.2"
      }
    },
    "rollup-plugin-riot": {
      "version": "5.0.0",
      "resolved": "https://registry.npmjs.org/rollup-plugin-riot/-/rollup-plugin-riot-5.0.0.tgz",
      "integrity": "sha512-5IaAOfauIjPbnJu64CWVptCeUIM6gojSUNA1zczf57wG2vTjLwLVfDeLAvPYD+R+KnY+kpDCzEXKANy10oEjtg==",
      "dev": true,
      "requires": {
        "rollup-pluginutils": "^2.8.2"
      }
    },
    "rollup-pluginutils": {
      "version": "2.8.2",
      "resolved": "https://registry.npmjs.org/rollup-pluginutils/-/rollup-pluginutils-2.8.2.tgz",
      "integrity": "sha512-EEp9NhnUkwY8aif6bxgovPHMoMoNr2FulJziTndpt5H9RdwC47GSGuII9XxpSdzVGM0GWrNPHV6ie1LTNJPaLQ==",
      "dev": true,
      "requires": {
        "estree-walker": "^0.6.1"
      },
      "dependencies": {
        "estree-walker": {
          "version": "0.6.1",
          "resolved": "https://registry.npmjs.org/estree-walker/-/estree-walker-0.6.1.tgz",
          "integrity": "sha512-SqmZANLWS0mnatqbSfRP5g8OXZC12Fgg1IwNtLsyHDzJizORW4khDfjPqJZsemPWBB2uqykUah5YpQ6epsqC/w==",
          "dev": true
        }
      }
    },
    "source-map": {
      "version": "0.7.3",
      "resolved": "https://registry.npmjs.org/source-map/-/source-map-0.7.3.tgz",
      "integrity": "sha512-CkCj6giN3S+n9qrYiBTX5gystlENnRW5jZeNLHpe6aue+SrHcG5VYwujhW9s4dY31mEGsxBDrHR6oI69fTXsaQ==",
      "dev": true
    },
    "sourcemap-codec": {
      "version": "1.4.8",
      "resolved": "https://registry.npmjs.org/sourcemap-codec/-/sourcemap-codec-1.4.8.tgz",
      "integrity": "sha512-9NykojV5Uih4lgo5So5dtw+f0JgJX30KCNI8gwhz2J9A15wD0Ml6tjHKwf6fTSa6fAdVBdZeNOs9eJ71qCk8vA==",
      "dev": true
    },
    "tabbable": {
      "version": "5.1.4",
      "resolved": "https://registry.npmjs.org/tabbable/-/tabbable-5.1.4.tgz",
      "integrity": "sha512-M1thgfxQ6NGuiSv6I+392zkDcyE5f0DbZPkUQaxnFNu9n9UR/GuE0ii2Hf3l7CQHNiraYhD8W3GBRp35W/+kXg=="
    },
    "tslib": {
      "version": "2.0.3",
      "resolved": "https://registry.npmjs.org/tslib/-/tslib-2.0.3.tgz",
      "integrity": "sha512-uZtkfKblCEQtZKBF6EBXVZeQNl82yqtDQdv+eck8u7tdPxjLu2/lp5/uPW+um2tpuxINHWy3GhiccY7QgEaVHQ==",
      "dev": true
    },
    "type-fest": {
      "version": "0.8.1",
      "resolved": "https://registry.npmjs.org/type-fest/-/type-fest-0.8.1.tgz",
      "integrity": "sha512-4dbzIzqvjtgiM5rw1k5rEHtBANKmdudhGyBEajN01fEyhaAIhsoKNy6y7+IN93IfpFtwY9iqi7kD+xwKhQsNJA==",
      "dev": true
    },
    "what-input": {
      "version": "5.2.10",
      "resolved": "https://registry.npmjs.org/what-input/-/what-input-5.2.10.tgz",
      "integrity": "sha512-7AQoIMGq7uU8esmKniOtZG3A+pzlwgeyFpkS3f/yzRbxknSL68tvn5gjE6bZ4OMFxCPjpaBd2udUTqlZ0HwrXQ=="
    },
    "wrappy": {
      "version": "1.0.2",
      "resolved": "https://registry.npmjs.org/wrappy/-/wrappy-1.0.2.tgz",
      "integrity": "sha1-tSQ9jz7BqjXxNkYFvA0QNuMKtp8=",
      "dev": true
    }
  }
}
