{
  "name": "riot-template",
  "version": "1.1.0",
  "lockfileVersion": 1,
  "requires": true,
  "dependencies": {
    "@riotjs/compiler": {
      "version": "4.8.5",
      "resolved": "https://registry.npmjs.org/@riotjs/compiler/-/compiler-4.8.5.tgz",
      "integrity": "sha512-4uT05lxagY7HgAav+VBdyAOC1jfK7meHFLNFAem6LUJ4jVfb3BJcbzDMEgGYp/pf+YRJJy0YmfEjLGQFfF5k/w==",
      "requires": {
        "@riotjs/parser": "^4.2.1",
        "@riotjs/util": "1.3.1",
        "acorn": "^7.2.0",
        "cssesc": "^3.0.0",
        "cumpa": "^1.0.1",
        "curri": "^1.0.1",
        "dom-nodes": "^1.1.3",
        "globals": "^13.0.0",
        "recast": "^0.19.1",
        "source-map": "^0.7.3"
      }
    },
    "@riotjs/dom-bindings": {
      "version": "4.8.1",
      "resolved": "https://registry.npmjs.org/@riotjs/dom-bindings/-/dom-bindings-4.8.1.tgz",
      "integrity": "sha512-19cKHpdsVF4NKHSN60KL64ALC1UjpbJmJLdtuHgpyCZRt0DhFcEuZKjIFvgFdLNJbW18rrU+7TNRSDzuNC8wag==",
      "requires": {
        "@riotjs/util": "^1.3.1",
        "domdiff": "^2.2.2"
      }
    },
    "@riotjs/parser": {
      "version": "4.2.1",
      "resolved": "https://registry.npmjs.org/@riotjs/parser/-/parser-4.2.1.tgz",
      "integrity": "sha512-VOqX6Ne7Wt9ziV8GcAE/AARvV92HNiYeeIDzM7tPijduDkWYGKaFYlw+bcwAcg4DM8Pi4sExTceOHxAuqKH3dg==",
      "requires": {
        "curri": "^1.0.1",
        "dom-nodes": "^1.1.3"
      }
    },
    "@riotjs/util": {
      "version": "1.3.1",
      "resolved": "https://registry.npmjs.org/@riotjs/util/-/util-1.3.1.tgz",
      "integrity": "sha512-8MhO7mVyRGDY/oaH6X+Q6DCrtu9zWrLOySBA8S3Qe5AGyVInpCwvjiAWGKqNbz5r6GWm08/S9yN/hCdB3mTLWw=="
    },
    "acorn": {
      "version": "7.2.0",
      "resolved": "https://registry.npmjs.org/acorn/-/acorn-7.2.0.tgz",
      "integrity": "sha512-apwXVmYVpQ34m/i71vrApRrRKCWQnZZF1+npOD0WV5xZFfwWOmKGQ2RWlfdy9vWITsenisM8M0Qeq8agcFHNiQ=="
    },
    "ast-types": {
      "version": "0.13.3",
      "resolved": "https://registry.npmjs.org/ast-types/-/ast-types-0.13.3.tgz",
      "integrity": "sha512-XTZ7xGML849LkQP86sWdQzfhwbt3YwIO6MqbX9mUNYY98VKaaVZP7YNNm70IpwecbkkxmfC5IYAzOQ/2p29zRA=="
    },
    "balanced-match": {
      "version": "1.0.0",
      "resolved": "https://registry.npmjs.org/balanced-match/-/balanced-match-1.0.0.tgz",
      "integrity": "sha1-ibTRmasr7kneFk6gK4nORi1xt2c="
    },
    "bianco.attr": {
      "version": "1.0.0",
      "resolved": "https://registry.npmjs.org/bianco.attr/-/bianco.attr-1.0.0.tgz",
      "integrity": "sha512-ry700auBXrfRcn18wgOlDeCIAOy1HKnUrM96hc2xbzt4FQL+pfXTUGrt++gg9/rpp7JD4JUXi0X1OB7um+jm2w==",
      "requires": {
        "bianco.dom-to-array": "^0.0.10"
      }
    },
    "bianco.dom-to-array": {
      "version": "0.0.10",
      "resolved": "https://registry.npmjs.org/bianco.dom-to-array/-/bianco.dom-to-array-0.0.10.tgz",
      "integrity": "sha512-EFYkcEGPmIqatvh+6I2eF6/X4mDtEyGoBucqmudJ5qABbFOw3RPIWB913aLD1FTaux8pZtYzD/yvcwGJKSNgXg=="
    },
    "bianco.query": {
      "version": "1.0.0",
      "resolved": "https://registry.npmjs.org/bianco.query/-/bianco.query-1.0.0.tgz",
      "integrity": "sha512-pDstv5+tsuw//wNuPnXuf4DjyN116tcH/a7hxbqH1OpWMsBgBkp/O29uxlWEZWN5e6hCaGajLNA9CAGTsgYeWw==",
      "requires": {
        "bianco.dom-to-array": "^0.0.10"
      }
    },
    "brace-expansion": {
      "version": "1.1.11",
      "resolved": "https://registry.npmjs.org/brace-expansion/-/brace-expansion-1.1.11.tgz",
      "integrity": "sha512-iCuPHDFgrHX7H2vEI/5xpz07zSHB00TpugqhmYtVmMO6518mCuRMoOYFldEBl0g187ufozdaHgWKcYFb61qGiA==",
      "requires": {
        "balanced-match": "^1.0.0",
        "concat-map": "0.0.1"
      }
    },
    "concat-map": {
      "version": "0.0.1",
      "resolved": "https://registry.npmjs.org/concat-map/-/concat-map-0.0.1.tgz",
      "integrity": "sha1-2Klr13/Wjfd5OnMDajug1UBdR3s="
    },
    "cssesc": {
      "version": "3.0.0",
      "resolved": "https://registry.npmjs.org/cssesc/-/cssesc-3.0.0.tgz",
      "integrity": "sha512-/Tb/JcjK111nNScGob5MNtsntNM1aCNUDipB/TkwZFhyDrrE47SOx/18wF2bbjgc3ZzCSKW1T5nt5EbFoAz/Vg=="
    },
    "cumpa": {
      "version": "1.0.1",
      "resolved": "https://registry.npmjs.org/cumpa/-/cumpa-1.0.1.tgz",
      "integrity": "sha512-Ew3sfG4cqvDFINS1VgdvLX1FIruhySlnP6DRLhB+1EjewiOzhJzKRKPEp/TCuo0RDisSFeuaDrk0S4Q8grF9CA=="
    },
    "curri": {
      "version": "1.0.1",
      "resolved": "https://registry.npmjs.org/curri/-/curri-1.0.1.tgz",
      "integrity": "sha512-VwFb2MGqN0A1RPA0vSgDRSWc0c+V6N9yz8pVYJ9AXILAukRAyCZP5Sqp4VdOxgw1lT0t5oaplwIDT/ruF3Nz7Q=="
    },
    "dom-nodes": {
      "version": "1.1.3",
      "resolved": "https://registry.npmjs.org/dom-nodes/-/dom-nodes-1.1.3.tgz",
      "integrity": "sha512-y5wnIx97oe0IqMllL/lizgkK2c9vu1cQeqPCCsS7mwNdPuYxg3b04eDJynHhC63kM8+ZsteOmiPElfVGOUmmKg=="
    },
    "domdiff": {
      "version": "2.2.2",
      "resolved": "https://registry.npmjs.org/domdiff/-/domdiff-2.2.2.tgz",
      "integrity": "sha512-Pv7aH5JfjNIkLRKkah+T3Kd41Gy+7GU+5dmPsOZZXsCJ34QR1i7CCiWraUn1c/a40htShxAQ8mHJR2OqPd12+Q==",
      "requires": {
        "uarray": "^1.0.0"
      }
    },
    "esprima": {
      "version": "4.0.1",
      "resolved": "https://registry.npmjs.org/esprima/-/esprima-4.0.1.tgz",
      "integrity": "sha512-eGuFFw7Upda+g4p+QHvnW0RyTX/SVeJBDM/gCtMARO0cLuT2HcEKnTPvhjV6aGeqrCB/sbNop0Kszm0jsaWU4A=="
    },
    "fs": {
      "version": "0.0.1-security",
      "resolved": "https://registry.npmjs.org/fs/-/fs-0.0.1-security.tgz",
      "integrity": "sha1-invTcYa23d84E/I4WLV+yq9eQdQ="
    },
    "fs.realpath": {
      "version": "1.0.0",
      "resolved": "https://registry.npmjs.org/fs.realpath/-/fs.realpath-1.0.0.tgz",
      "integrity": "sha1-FQStJSMVjKpA20onh8sBQRmU6k8="
    },
    "glob": {
      "version": "7.1.6",
      "resolved": "https://registry.npmjs.org/glob/-/glob-7.1.6.tgz",
      "integrity": "sha512-LwaxwyZ72Lk7vZINtNNrywX0ZuLyStrdDtabefZKAY5ZGJhVtgdznluResxNmPitE0SAO+O26sWTHeKSI2wMBA==",
      "requires": {
        "fs.realpath": "^1.0.0",
        "inflight": "^1.0.4",
        "inherits": "2",
        "minimatch": "^3.0.4",
        "once": "^1.3.0",
        "path-is-absolute": "^1.0.0"
      }
    },
    "globals": {
      "version": "13.0.0",
      "resolved": "https://registry.npmjs.org/globals/-/globals-13.0.0.tgz",
      "integrity": "sha512-TdLO3ykvHpNsJZiMr+RfkwoMI+XdDaFbH87w/UZGrSzNvZ5cUU6W50oPKSDZgb6eoMWZ6Pltf5Y3oQBpKLUSkA==",
      "requires": {
        "type-fest": "^0.8.1"
      }
    },
    "inflight": {
      "version": "1.0.6",
      "resolved": "https://registry.npmjs.org/inflight/-/inflight-1.0.6.tgz",
      "integrity": "sha1-Sb1jMdfQLQwJvJEKEHW6gWW1bfk=",
      "requires": {
        "once": "^1.3.0",
        "wrappy": "1"
      }
    },
    "inherits": {
      "version": "2.0.4",
      "resolved": "https://registry.npmjs.org/inherits/-/inherits-2.0.4.tgz",
      "integrity": "sha512-k/vGaX4/Yla3WzyMCvTQOXYeIHvqOKtnqBduzTHpzpQZzAskKMhZ2K+EnBiSM9zGSoIFeMpXKxa4dYeZIQqewQ=="
    },
    "minimatch": {
      "version": "3.0.4",
      "resolved": "https://registry.npmjs.org/minimatch/-/minimatch-3.0.4.tgz",
      "integrity": "sha512-yJHVQEhyqPLUTgt9B83PXu6W3rx4MvvHvSUvToogpwoGDOUQ+yDrR0HRot+yOCdCO7u4hX3pWft6kWBBcqh0UA==",
      "requires": {
        "brace-expansion": "^1.1.7"
      }
    },
    "once": {
      "version": "1.4.0",
      "resolved": "https://registry.npmjs.org/once/-/once-1.4.0.tgz",
      "integrity": "sha1-WDsap3WWHUsROsF9nFC6753Xa9E=",
      "requires": {
        "wrappy": "1"
      }
    },
    "path": {
      "version": "0.12.7",
      "resolved": "https://registry.npmjs.org/path/-/path-0.12.7.tgz",
      "integrity": "sha1-1NwqUGxM4hl+tIHr/NWzbAFAsQ8=",
      "requires": {
        "process": "^0.11.1",
        "util": "^0.10.3"
      }
    },
    "path-is-absolute": {
      "version": "1.0.1",
      "resolved": "https://registry.npmjs.org/path-is-absolute/-/path-is-absolute-1.0.1.tgz",
      "integrity": "sha1-F0uSaHNVNP+8es5r9TpanhtcX18="
    },
    "private": {
      "version": "0.1.8",
      "resolved": "https://registry.npmjs.org/private/-/private-0.1.8.tgz",
      "integrity": "sha512-VvivMrbvd2nKkiG38qjULzlc+4Vx4wm/whI9pQD35YrARNnhxeiRktSOhSukRLFNlzg6Br/cJPet5J/u19r/mg=="
    },
    "process": {
      "version": "0.11.10",
      "resolved": "https://registry.npmjs.org/process/-/process-0.11.10.tgz",
      "integrity": "sha1-czIwDoQBYb2j5podHZGn1LwW8YI="
    },
    "recast": {
      "version": "0.19.1",
      "resolved": "https://registry.npmjs.org/recast/-/recast-0.19.1.tgz",
      "integrity": "sha512-8FCjrBxjeEU2O6I+2hyHyBFH1siJbMBLwIRvVr1T3FD2cL754sOaJDsJ/8h3xYltasbJ8jqWRIhMuDGBSiSbjw==",
      "requires": {
        "ast-types": "0.13.3",
        "esprima": "~4.0.0",
        "private": "^0.1.8",
        "source-map": "~0.6.1"
      },
      "dependencies": {
        "source-map": {
          "version": "0.6.1",
          "resolved": "https://registry.npmjs.org/source-map/-/source-map-0.6.1.tgz",
          "integrity": "sha512-UjgapumWlbMhkBgzT7Ykc5YXUT46F0iKu8SGXq0bcwP5dz/h0Plj6enJqjz1Zbq2l5WaqYnrVbwWOWMyF3F47g=="
        }
      }
    },
    "requirejs": {
      "version": "2.3.6",
      "resolved": "https://registry.npmjs.org/requirejs/-/requirejs-2.3.6.tgz",
      "integrity": "sha512-ipEzlWQe6RK3jkzikgCupiTbTvm4S0/CAU5GlgptkN5SO6F3u0UD0K18wy6ErDqiCyP4J4YYe1HuAShvsxePLg=="
    },
    "rimraf": {
      "version": "3.0.2",
      "resolved": "https://registry.npmjs.org/rimraf/-/rimraf-3.0.2.tgz",
      "integrity": "sha512-JZkJMZkAGFFPP2YqXZXPbMlMBgsxzE8ILs4lMIX/2o0L9UBw9O/Y3o6wFw/i9YLapcUJWwqbi3kdxIPdC62TIA==",
      "requires": {
        "glob": "^7.1.3"
      }
    },
    "riot": {
      "version": "4.12.4",
      "resolved": "https://registry.npmjs.org/riot/-/riot-4.12.4.tgz",
      "integrity": "sha512-cPYgaDUHQ7fvPQoZK3XcoOkJY3LwZzCUAGJs6eb28tEIsVOx+4sSpbEDLa7KWacEgHt7mebys3g9KDCng9QgBg==",
      "requires": {
        "@riotjs/compiler": "^4.8.5",
        "@riotjs/dom-bindings": "^4.8.1",
        "@riotjs/util": "^1.3.1",
        "bianco.attr": "^1.0.0",
        "bianco.query": "^1.0.0",
        "cumpa": "^1.0.1",
        "curri": "^1.0.1"
      }
    },
    "source-map": {
      "version": "0.7.3",
      "resolved": "https://registry.npmjs.org/source-map/-/source-map-0.7.3.tgz",
      "integrity": "sha512-CkCj6giN3S+n9qrYiBTX5gystlENnRW5jZeNLHpe6aue+SrHcG5VYwujhW9s4dY31mEGsxBDrHR6oI69fTXsaQ=="
    },
    "type-fest": {
      "version": "0.8.1",
      "resolved": "https://registry.npmjs.org/type-fest/-/type-fest-0.8.1.tgz",
      "integrity": "sha512-4dbzIzqvjtgiM5rw1k5rEHtBANKmdudhGyBEajN01fEyhaAIhsoKNy6y7+IN93IfpFtwY9iqi7kD+xwKhQsNJA=="
    },
    "typescript": {
      "version": "3.9.3",
      "resolved": "https://registry.npmjs.org/typescript/-/typescript-3.9.3.tgz",
      "integrity": "sha512-D/wqnB2xzNFIcoBG9FG8cXRDjiqSTbG2wd8DMZeQyJlP1vfTkIxH4GKveWaEBYySKIg+USu+E+EDIR47SqnaMQ=="
    },
    "uarray": {
      "version": "1.0.0",
      "resolved": "https://registry.npmjs.org/uarray/-/uarray-1.0.0.tgz",
      "integrity": "sha512-LHmiAd5QuAv7pU2vbh+Zq9YOnqVK0H764p2Ozinpfy9ka58OID4IsGLiXsitqH7n0NAIDxvax1A/kDXpii/Ckg=="
    },
    "util": {
      "version": "0.10.4",
      "resolved": "https://registry.npmjs.org/util/-/util-0.10.4.tgz",
      "integrity": "sha512-0Pm9hTQ3se5ll1XihRic3FDIku70C+iHUdT/W926rSgHV5QgXsYbKZN8MSC3tJtSkhuROzvsQjAaFENRXr+19A==",
      "requires": {
        "inherits": "2.0.3"
      },
      "dependencies": {
        "inherits": {
          "version": "2.0.3",
          "resolved": "https://registry.npmjs.org/inherits/-/inherits-2.0.3.tgz",
          "integrity": "sha1-Yzwsg+PaQqUC9SRmAiSA9CCCYd4="
        }
      }
    },
    "wrappy": {
      "version": "1.0.2",
      "resolved": "https://registry.npmjs.org/wrappy/-/wrappy-1.0.2.tgz",
      "integrity": "sha1-tSQ9jz7BqjXxNkYFvA0QNuMKtp8="
    }
  }
}
