{
  "name": "@riot-material/rm-dialog",
  "version": "1.0.0",
  "lockfileVersion": 1,
  "requires": true,
  "dependencies": {
    "@riotjs/compiler": {
      "version": "5.0.0",
      "resolved": "https://registry.npmjs.org/@riotjs/compiler/-/compiler-5.0.0.tgz",
      "integrity": "sha512-/gdGhS7Jqyys+Z8eLT9WK5rTuN3DC2i9kL/Tt+4ttBq1YvOXrX3eMXm9VBtWXGGCZVMFWnfpu75S1MwvoUhFVg==",
      "dev": true,
      "requires": {
        "@riotjs/parser": "^4.3.1",
        "@riotjs/util": "2.0.0",
        "acorn": "^8.0.4",
        "cssesc": "^3.0.0",
        "cumpa": "^1.0.1",
        "curri": "^1.0.1",
        "dom-nodes": "^1.1.3",
        "globals": "^13.2.0",
        "recast": "^0.20.4",
        "source-map": "^0.7.3"
      }
    },
    "@riotjs/dom-bindings": {
      "version": "5.0.0-alpha.2",
      "resolved": "https://registry.npmjs.org/@riotjs/dom-bindings/-/dom-bindings-5.0.0-alpha.2.tgz",
      "integrity": "sha512-vvRIb6YchsnDOiO5kV1mppfttUhduf/oGDjfVPzdPbU5hRhf+tRktjIVLb2rO+b3J8v3oGqATLFAaQ3p0BdbPg==",
      "dev": true,
      "requires": {
        "@riotjs/util": "^2.0.0"
      }
    },
    "@riotjs/parser": {
      "version": "4.3.1",
      "resolved": "https://registry.npmjs.org/@riotjs/parser/-/parser-4.3.1.tgz",
      "integrity": "sha512-ZUeAcey3ShAtquHBwuHFLrtPL1j0iEeXoOQoaZMaqVp15vq5UqOBxBcOVNfCXbr9ZbhnVCEEmek/9YFt5Ni8bA==",
      "dev": true,
      "requires": {
        "curri": "^1.0.1",
        "dom-nodes": "^1.1.3"
      }
    },
    "@riotjs/util": {
      "version": "2.0.0",
      "resolved": "https://registry.npmjs.org/@riotjs/util/-/util-2.0.0.tgz",
      "integrity": "sha512-+FtbujwoRT/Gi2/tarL0I30GIBCFFLUGtuhEJbosT09cUcP839oML871Yc7w5Zxb/IHFV1GS0p1ZGWe3JeeEjw==",
      "dev": true
    },
    "acorn": {
      "version": "8.0.4",
      "resolved": "https://registry.npmjs.org/acorn/-/acorn-8.0.4.tgz",
      "integrity": "sha512-XNP0PqF1XD19ZlLKvB7cMmnZswW4C/03pRHgirB30uSJTaS3A3V1/P4sS3HPvFmjoriPCJQs+JDSbm4bL1TxGQ==",
      "dev": true
    },
    "ast-types": {
      "version": "0.14.2",
      "resolved": "https://registry.npmjs.org/ast-types/-/ast-types-0.14.2.tgz",
      "integrity": "sha512-O0yuUDnZeQDL+ncNGlJ78BiO4jnYI3bvMsD5prT0/nsgijG/LpNBIr63gTjVTNsiGkgQhiyCShTgxt8oXOrklA==",
      "dev": true,
      "requires": {
        "tslib": "^2.0.1"
      }
    },
    "bianco.attr": {
      "version": "1.0.0",
      "resolved": "https://registry.npmjs.org/bianco.attr/-/bianco.attr-1.0.0.tgz",
      "integrity": "sha512-ry700auBXrfRcn18wgOlDeCIAOy1HKnUrM96hc2xbzt4FQL+pfXTUGrt++gg9/rpp7JD4JUXi0X1OB7um+jm2w==",
      "dev": true,
      "requires": {
        "bianco.dom-to-array": "^0.0.10"
      }
    },
    "bianco.dom-to-array": {
      "version": "0.0.10",
      "resolved": "https://registry.npmjs.org/bianco.dom-to-array/-/bianco.dom-to-array-0.0.10.tgz",
      "integrity": "sha512-EFYkcEGPmIqatvh+6I2eF6/X4mDtEyGoBucqmudJ5qABbFOw3RPIWB913aLD1FTaux8pZtYzD/yvcwGJKSNgXg==",
      "dev": true
    },
    "bianco.query": {
      "version": "1.0.0",
      "resolved": "https://registry.npmjs.org/bianco.query/-/bianco.query-1.0.0.tgz",
      "integrity": "sha512-pDstv5+tsuw//wNuPnXuf4DjyN116tcH/a7hxbqH1OpWMsBgBkp/O29uxlWEZWN5e6hCaGajLNA9CAGTsgYeWw==",
      "dev": true,
      "requires": {
        "bianco.dom-to-array": "^0.0.10"
      }
    },
    "cssesc": {
      "version": "3.0.0",
      "resolved": "https://registry.npmjs.org/cssesc/-/cssesc-3.0.0.tgz",
      "integrity": "sha512-/Tb/JcjK111nNScGob5MNtsntNM1aCNUDipB/TkwZFhyDrrE47SOx/18wF2bbjgc3ZzCSKW1T5nt5EbFoAz/Vg==",
      "dev": true
    },
    "cumpa": {
      "version": "1.0.1",
      "resolved": "https://registry.npmjs.org/cumpa/-/cumpa-1.0.1.tgz",
      "integrity": "sha512-Ew3sfG4cqvDFINS1VgdvLX1FIruhySlnP6DRLhB+1EjewiOzhJzKRKPEp/TCuo0RDisSFeuaDrk0S4Q8grF9CA==",
      "dev": true
    },
    "curri": {
      "version": "1.0.1",
      "resolved": "https://registry.npmjs.org/curri/-/curri-1.0.1.tgz",
      "integrity": "sha512-VwFb2MGqN0A1RPA0vSgDRSWc0c+V6N9yz8pVYJ9AXILAukRAyCZP5Sqp4VdOxgw1lT0t5oaplwIDT/ruF3Nz7Q==",
      "dev": true
    },
    "dom-nodes": {
      "version": "1.1.3",
      "resolved": "https://registry.npmjs.org/dom-nodes/-/dom-nodes-1.1.3.tgz",
      "integrity": "sha512-y5wnIx97oe0IqMllL/lizgkK2c9vu1cQeqPCCsS7mwNdPuYxg3b04eDJynHhC63kM8+ZsteOmiPElfVGOUmmKg==",
      "dev": true
    },
    "esprima": {
      "version": "4.0.1",
      "resolved": "https://registry.npmjs.org/esprima/-/esprima-4.0.1.tgz",
      "integrity": "sha512-eGuFFw7Upda+g4p+QHvnW0RyTX/SVeJBDM/gCtMARO0cLuT2HcEKnTPvhjV6aGeqrCB/sbNop0Kszm0jsaWU4A==",
      "dev": true
    },
    "estree-walker": {
      "version": "0.6.1",
      "resolved": "https://registry.npmjs.org/estree-walker/-/estree-walker-0.6.1.tgz",
      "integrity": "sha512-SqmZANLWS0mnatqbSfRP5g8OXZC12Fgg1IwNtLsyHDzJizORW4khDfjPqJZsemPWBB2uqykUah5YpQ6epsqC/w==",
      "dev": true
    },
    "fsevents": {
      "version": "2.1.3",
      "resolved": "https://registry.npmjs.org/fsevents/-/fsevents-2.1.3.tgz",
      "integrity": "sha512-Auw9a4AxqWpa9GUfj370BMPzzyncfBABW8Mab7BGWBYDj4Isgq+cDKtx0i6u9jcX9pQDnswsaaOTgTmA5pEjuQ==",
      "dev": true,
      "optional": true
    },
    "globals": {
      "version": "13.3.0",
      "resolved": "https://registry.npmjs.org/globals/-/globals-13.3.0.tgz",
      "integrity": "sha512-RjuvsMnQXQWjVGClrHIVdKOkYZcP/4UrgrZxIFdEyp+NvradqD4bNtPmtTn4mv4NMvVqdFCzaJuGGA9QpKjZmA==",
      "dev": true,
      "requires": {
        "type-fest": "^0.8.1"
      }
    },
    "recast": {
      "version": "0.20.4",
      "resolved": "https://registry.npmjs.org/recast/-/recast-0.20.4.tgz",
      "integrity": "sha512-6qLIBGGRcwjrTZGIiBpJVC/NeuXpogXNyRQpqU1zWPUigCphvApoCs9KIwDYh1eDuJ6dAFlQoi/QUyE5KQ6RBQ==",
      "dev": true,
      "requires": {
        "ast-types": "0.14.2",
        "esprima": "~4.0.0",
        "source-map": "~0.6.1",
        "tslib": "^2.0.1"
      },
      "dependencies": {
        "source-map": {
          "version": "0.6.1",
          "resolved": "https://registry.npmjs.org/source-map/-/source-map-0.6.1.tgz",
          "integrity": "sha512-UjgapumWlbMhkBgzT7Ykc5YXUT46F0iKu8SGXq0bcwP5dz/h0Plj6enJqjz1Zbq2l5WaqYnrVbwWOWMyF3F47g==",
          "dev": true
        }
      }
    },
    "riot": {
      "version": "5.0.0",
      "resolved": "https://registry.npmjs.org/riot/-/riot-5.0.0.tgz",
      "integrity": "sha512-PO+z7YB4jhjEz/Z1wmou8KCBL+LNZttW5WOvf14ZWSoH0s1Rv46HzCEMxEWbUdQhSlYSNYhAyb/Z+tso5tkjsQ==",
      "dev": true,
      "requires": {
        "@riotjs/compiler": "^5.0.0",
        "@riotjs/dom-bindings": "5.0.0-alpha.2",
        "@riotjs/util": "^2.0.0",
        "bianco.attr": "^1.0.0",
        "bianco.query": "^1.0.0",
        "cumpa": "^1.0.1",
        "curri": "^1.0.1"
      }
    },
    "rollup": {
      "version": "2.33.3",
      "resolved": "https://registry.npmjs.org/rollup/-/rollup-2.33.3.tgz",
      "integrity": "sha512-RpayhPTe4Gu/uFGCmk7Gp5Z9Qic2VsqZ040G+KZZvsZYdcuWaJg678JeDJJvJeEQXminu24a2au+y92CUWVd+w==",
      "dev": true,
      "requires": {
        "fsevents": "~2.1.2"
      }
    },
    "rollup-plugin-riot": {
      "version": "5.0.0",
      "resolved": "https://registry.npmjs.org/rollup-plugin-riot/-/rollup-plugin-riot-5.0.0.tgz",
      "integrity": "sha512-5IaAOfauIjPbnJu64CWVptCeUIM6gojSUNA1zczf57wG2vTjLwLVfDeLAvPYD+R+KnY+kpDCzEXKANy10oEjtg==",
      "dev": true,
      "requires": {
        "rollup-pluginutils": "^2.8.2"
      }
    },
    "rollup-pluginutils": {
      "version": "2.8.2",
      "resolved": "https://registry.npmjs.org/rollup-pluginutils/-/rollup-pluginutils-2.8.2.tgz",
      "integrity": "sha512-EEp9NhnUkwY8aif6bxgovPHMoMoNr2FulJziTndpt5H9RdwC47GSGuII9XxpSdzVGM0GWrNPHV6ie1LTNJPaLQ==",
      "dev": true,
      "requires": {
        "estree-walker": "^0.6.1"
      }
    },
    "source-map": {
      "version": "0.7.3",
      "resolved": "https://registry.npmjs.org/source-map/-/source-map-0.7.3.tgz",
      "integrity": "sha512-CkCj6giN3S+n9qrYiBTX5gystlENnRW5jZeNLHpe6aue+SrHcG5VYwujhW9s4dY31mEGsxBDrHR6oI69fTXsaQ==",
      "dev": true
    },
    "tslib": {
      "version": "2.0.3",
      "resolved": "https://registry.npmjs.org/tslib/-/tslib-2.0.3.tgz",
      "integrity": "sha512-uZtkfKblCEQtZKBF6EBXVZeQNl82yqtDQdv+eck8u7tdPxjLu2/lp5/uPW+um2tpuxINHWy3GhiccY7QgEaVHQ==",
      "dev": true
    },
    "type-fest": {
      "version": "0.8.1",
      "resolved": "https://registry.npmjs.org/type-fest/-/type-fest-0.8.1.tgz",
      "integrity": "sha512-4dbzIzqvjtgiM5rw1k5rEHtBANKmdudhGyBEajN01fEyhaAIhsoKNy6y7+IN93IfpFtwY9iqi7kD+xwKhQsNJA==",
      "dev": true
    }
  }
}
